
Microsoft Visual Studio Solution File, Format Version 12.00
# Visual Studio Version 17
VisualStudioVersion = 17.0.31903.59
MinimumVisualStudioVersion = 10.0.40219.1
Project("{FAE04EC0-301F-11D3-BF4B-00C04F79EFBC}") = "KnowledgeBase.DataStructuresAlgorithms", "KnowledgeBase.DataStructuresAlgorithms\KnowledgeBase.DataStructuresAlgorithms.csproj", "{3F004953-2A37-45DC-BCC9-DD7E43009389}"
EndProject
Project("{FAE04EC0-301F-11D3-BF4B-00C04F79EFBC}") = "KnowledgeBase.DataStructuresAlgorithms.Tests", "KnowledgeBase.DataStructuresAlgorithms.Tests\KnowledgeBase.DataStructuresAlgorithms.Tests.csproj", "{D7677D8A-1A1F-44FB-99F7-D92E01594F69}"
EndProject
Global
	GlobalSection(SolutionConfigurationPlatforms) = preSolution
		Debug|Any CPU = Debug|Any CPU
		Release|Any CPU = Release|Any CPU
	EndGlobalSection
	GlobalSection(ProjectConfigurationPlatforms) = postSolution
		{3F004953-2A37-45DC-BCC9-DD7E43009389}.Debug|Any CPU.ActiveCfg = Debug|Any CPU
		{3F004953-2A37-45DC-BCC9-DD7E43009389}.Debug|Any CPU.Build.0 = Debug|Any CPU
		{3F004953-2A37-45DC-BCC9-DD7E43009389}.Release|Any CPU.ActiveCfg = Release|Any CPU
		{3F004953-2A37-45DC-BCC9-DD7E43009389}.Release|Any CPU.Build.0 = Release|Any CPU
		{D7677D8A-1A1F-44FB-99F7-D92E01594F69}.Debug|Any CPU.ActiveCfg = Debug|Any CPU
		{D7677D8A-1A1F-44FB-99F7-D92E01594F69}.Debug|Any CPU.Build.0 = Debug|Any CPU
		{D7677D8A-1A1F-44FB-99F7-D92E01594F69}.Release|Any CPU.ActiveCfg = Release|Any CPU
		{D7677D8A-1A1F-44FB-99F7-D92E01594F69}.Release|Any CPU.Build.0 = Release|Any CPU
	EndGlobalSection
	GlobalSection(SolutionProperties) = preSolution
		HideSolutionNode = FALSE
	EndGlobalSection
	GlobalSection(ExtensibilityGlobals) = postSolution
		SolutionGuid = {E86E7AF9-845C-4737-9802-8A87BF0F4B07}
	EndGlobalSection
EndGlobal
