
Microsoft Visual Studio Solution File, Format Version 12.00
# Visual Studio Version 16
VisualStudioVersion = 16.0.30114.105
MinimumVisualStudioVersion = 10.0.40219.1
Project("{FAE04EC0-301F-11D3-BF4B-00C04F79EFBC}") = "KnowledgeBase.Examples.SimpleWebService.Core", "core\KnowledgeBase.Examples.SimpleWebService.Core.csproj", "{C21A25CF-594F-4221-88D8-1B83D646C2C9}"
EndProject
Project("{FAE04EC0-301F-11D3-BF4B-00C04F79EFBC}") = "KnowledgeBase.Examples.SimpleWebService.Server", "server\KnowledgeBase.Examples.SimpleWebService.Server.csproj", "{B62728FF-F417-4BD1-A885-71F9841F62F4}"
EndProject
Global
	GlobalSection(SolutionConfigurationPlatforms) = preSolution
		Debug|Any CPU = Debug|Any CPU
		Release|Any CPU = Release|Any CPU
	EndGlobalSection
	GlobalSection(SolutionProperties) = preSolution
		HideSolutionNode = FALSE
	EndGlobalSection
	GlobalSection(ProjectConfigurationPlatforms) = postSolution
		{C21A25CF-594F-4221-88D8-1B83D646C2C9}.Debug|Any CPU.ActiveCfg = Debug|Any CPU
		{C21A25CF-594F-4221-88D8-1B83D646C2C9}.Debug|Any CPU.Build.0 = Debug|Any CPU
		{C21A25CF-594F-4221-88D8-1B83D646C2C9}.Release|Any CPU.ActiveCfg = Release|Any CPU
		{C21A25CF-594F-4221-88D8-1B83D646C2C9}.Release|Any CPU.Build.0 = Release|Any CPU
		{B62728FF-F417-4BD1-A885-71F9841F62F4}.Debug|Any CPU.ActiveCfg = Debug|Any CPU
		{B62728FF-F417-4BD1-A885-71F9841F62F4}.Debug|Any CPU.Build.0 = Debug|Any CPU
		{B62728FF-F417-4BD1-A885-71F9841F62F4}.Release|Any CPU.ActiveCfg = Release|Any CPU
		{B62728FF-F417-4BD1-A885-71F9841F62F4}.Release|Any CPU.Build.0 = Release|Any CPU
	EndGlobalSection
EndGlobal
