
Microsoft Visual Studio Solution File, Format Version 12.00
# Visual Studio Version 16
VisualStudioVersion = 16.0.30114.105
MinimumVisualStudioVersion = 10.0.40219.1
Project("{FAE04EC0-301F-11D3-BF4B-00C04F79EFBC}") = "FastReports.Mvc", "FastReports.Mvc\FastReports.Mvc.csproj", "{ED0B64FC-299D-46DB-AE1C-736A28F9DE05}"
EndProject
Project("{FAE04EC0-301F-11D3-BF4B-00C04F79EFBC}") = "FastReports.BlazorServer", "FastReports.BlazorServer\FastReports.BlazorServer.csproj", "{990A3706-4D6B-4DC0-8B29-04066461D6F3}"
EndProject
Project("{FAE04EC0-301F-11D3-BF4B-00C04F79EFBC}") = "FastReports.Wpf", "FastReports.Wpf\FastReports.Wpf.csproj", "{C672C5DD-B5F3-4273-BA57-D2C1D005E071}"
EndProject
Project("{FAE04EC0-301F-11D3-BF4B-00C04F79EFBC}") = "FastReports.Avalonia", "FastReports.Avalonia\FastReports.Avalonia.csproj", "{43CA0EF0-2C17-4323-9894-2C7FD51DC79E}"
EndProject
Global
	GlobalSection(SolutionConfigurationPlatforms) = preSolution
		Debug|Any CPU = Debug|Any CPU
		Release|Any CPU = Release|Any CPU
	EndGlobalSection
	GlobalSection(SolutionProperties) = preSolution
		HideSolutionNode = FALSE
	EndGlobalSection
	GlobalSection(ProjectConfigurationPlatforms) = postSolution
		{ED0B64FC-299D-46DB-AE1C-736A28F9DE05}.Debug|Any CPU.ActiveCfg = Debug|Any CPU
		{ED0B64FC-299D-46DB-AE1C-736A28F9DE05}.Debug|Any CPU.Build.0 = Debug|Any CPU
		{ED0B64FC-299D-46DB-AE1C-736A28F9DE05}.Release|Any CPU.ActiveCfg = Release|Any CPU
		{ED0B64FC-299D-46DB-AE1C-736A28F9DE05}.Release|Any CPU.Build.0 = Release|Any CPU
		{990A3706-4D6B-4DC0-8B29-04066461D6F3}.Debug|Any CPU.ActiveCfg = Debug|Any CPU
		{990A3706-4D6B-4DC0-8B29-04066461D6F3}.Debug|Any CPU.Build.0 = Debug|Any CPU
		{990A3706-4D6B-4DC0-8B29-04066461D6F3}.Release|Any CPU.ActiveCfg = Release|Any CPU
		{990A3706-4D6B-4DC0-8B29-04066461D6F3}.Release|Any CPU.Build.0 = Release|Any CPU
		{C672C5DD-B5F3-4273-BA57-D2C1D005E071}.Debug|Any CPU.ActiveCfg = Debug|Any CPU
		{C672C5DD-B5F3-4273-BA57-D2C1D005E071}.Debug|Any CPU.Build.0 = Debug|Any CPU
		{C672C5DD-B5F3-4273-BA57-D2C1D005E071}.Release|Any CPU.ActiveCfg = Release|Any CPU
		{C672C5DD-B5F3-4273-BA57-D2C1D005E071}.Release|Any CPU.Build.0 = Release|Any CPU
		{43CA0EF0-2C17-4323-9894-2C7FD51DC79E}.Debug|Any CPU.ActiveCfg = Debug|Any CPU
		{43CA0EF0-2C17-4323-9894-2C7FD51DC79E}.Debug|Any CPU.Build.0 = Debug|Any CPU
		{43CA0EF0-2C17-4323-9894-2C7FD51DC79E}.Release|Any CPU.ActiveCfg = Release|Any CPU
		{43CA0EF0-2C17-4323-9894-2C7FD51DC79E}.Release|Any CPU.Build.0 = Release|Any CPU
	EndGlobalSection
EndGlobal
