
Microsoft Visual Studio Solution File, Format Version 12.00
# Visual Studio Version 17
VisualStudioVersion = 17.0.31903.59
MinimumVisualStudioVersion = 10.0.40219.1
Project("{FAE04EC0-301F-11D3-BF4B-00C04F79EFBC}") = "MqInsideHttp.WebApi", "MqInsideHttp.WebApi\MqInsideHttp.WebApi.csproj", "{DDE66DB6-07C8-4D1D-B46F-AAE1B53D8BC3}"
EndProject
Global
	GlobalSection(SolutionConfigurationPlatforms) = preSolution
		Debug|Any CPU = Debug|Any CPU
		Release|Any CPU = Release|Any CPU
	EndGlobalSection
	GlobalSection(ProjectConfigurationPlatforms) = postSolution
		{DDE66DB6-07C8-4D1D-B46F-AAE1B53D8BC3}.Debug|Any CPU.ActiveCfg = Debug|Any CPU
		{DDE66DB6-07C8-4D1D-B46F-AAE1B53D8BC3}.Debug|Any CPU.Build.0 = Debug|Any CPU
		{DDE66DB6-07C8-4D1D-B46F-AAE1B53D8BC3}.Release|Any CPU.ActiveCfg = Release|Any CPU
		{DDE66DB6-07C8-4D1D-B46F-AAE1B53D8BC3}.Release|Any CPU.Build.0 = Release|Any CPU
	EndGlobalSection
	GlobalSection(SolutionProperties) = preSolution
		HideSolutionNode = FALSE
	EndGlobalSection
	GlobalSection(ExtensibilityGlobals) = postSolution
		SolutionGuid = {5990FA59-FF45-487B-8796-9CAC75377EA7}
	EndGlobalSection
EndGlobal
