
Microsoft Visual Studio Solution File, Format Version 12.00
# Visual Studio Version 17
VisualStudioVersion = 17.0.31903.59
MinimumVisualStudioVersion = 10.0.40219.1
Project("{9A19103F-16F7-4668-BE54-9A1E7A4F7556}") = "Concepts.Examples.PgStoredFunctionsEfCore", "PgStoredFunctionsEfCore\Concepts.Examples.PgStoredFunctionsEfCore.csproj", "{C0AF9138-E070-414A-B998-E09FB217CFF3}"
EndProject
Project("{9A19103F-16F7-4668-BE54-9A1E7A4F7556}") = "Concepts.Examples.PeopleEnumerator", "PeopleEnumerator\Concepts.Examples.PeopleEnumerator.csproj", "{02EDDCBB-056B-426E-A99B-B19078F2945B}"
EndProject
Project("{9A19103F-16F7-4668-BE54-9A1E7A4F7556}") = "Concepts.Examples.MultithreadingTests", "MultithreadingTests\Concepts.Examples.MultithreadingTests.csproj", "{093C6477-AC7C-4FD8-AD71-13049F98446C}"
EndProject
Project("{9A19103F-16F7-4668-BE54-9A1E7A4F7556}") = "Concepts.Examples.EffectiveStringBuilder", "EffectiveStringBuilder\Concepts.Examples.EffectiveStringBuilder.csproj", "{1E1A4291-6F9C-43FB-97D9-2EC08C2FDEF6}"
EndProject
Project("{9A19103F-16F7-4668-BE54-9A1E7A4F7556}") = "Concepts.Examples.Benchmarks", "Benchmarks\Concepts.Examples.Benchmarks.csproj", "{B201BB99-ACEC-48E0-816E-78A8E4BF1D5B}"
EndProject
Global
	GlobalSection(SolutionConfigurationPlatforms) = preSolution
		Debug|Any CPU = Debug|Any CPU
		Release|Any CPU = Release|Any CPU
	EndGlobalSection
	GlobalSection(ProjectConfigurationPlatforms) = postSolution
		{C0AF9138-E070-414A-B998-E09FB217CFF3}.Debug|Any CPU.ActiveCfg = Debug|Any CPU
		{C0AF9138-E070-414A-B998-E09FB217CFF3}.Debug|Any CPU.Build.0 = Debug|Any CPU
		{C0AF9138-E070-414A-B998-E09FB217CFF3}.Release|Any CPU.ActiveCfg = Release|Any CPU
		{C0AF9138-E070-414A-B998-E09FB217CFF3}.Release|Any CPU.Build.0 = Release|Any CPU
		{02EDDCBB-056B-426E-A99B-B19078F2945B}.Debug|Any CPU.ActiveCfg = Debug|Any CPU
		{02EDDCBB-056B-426E-A99B-B19078F2945B}.Debug|Any CPU.Build.0 = Debug|Any CPU
		{02EDDCBB-056B-426E-A99B-B19078F2945B}.Release|Any CPU.ActiveCfg = Release|Any CPU
		{02EDDCBB-056B-426E-A99B-B19078F2945B}.Release|Any CPU.Build.0 = Release|Any CPU
		{093C6477-AC7C-4FD8-AD71-13049F98446C}.Debug|Any CPU.ActiveCfg = Debug|Any CPU
		{093C6477-AC7C-4FD8-AD71-13049F98446C}.Debug|Any CPU.Build.0 = Debug|Any CPU
		{093C6477-AC7C-4FD8-AD71-13049F98446C}.Release|Any CPU.ActiveCfg = Release|Any CPU
		{093C6477-AC7C-4FD8-AD71-13049F98446C}.Release|Any CPU.Build.0 = Release|Any CPU
		{1E1A4291-6F9C-43FB-97D9-2EC08C2FDEF6}.Debug|Any CPU.ActiveCfg = Debug|Any CPU
		{1E1A4291-6F9C-43FB-97D9-2EC08C2FDEF6}.Debug|Any CPU.Build.0 = Debug|Any CPU
		{1E1A4291-6F9C-43FB-97D9-2EC08C2FDEF6}.Release|Any CPU.ActiveCfg = Release|Any CPU
		{1E1A4291-6F9C-43FB-97D9-2EC08C2FDEF6}.Release|Any CPU.Build.0 = Release|Any CPU
		{B201BB99-ACEC-48E0-816E-78A8E4BF1D5B}.Debug|Any CPU.ActiveCfg = Debug|Any CPU
		{B201BB99-ACEC-48E0-816E-78A8E4BF1D5B}.Debug|Any CPU.Build.0 = Debug|Any CPU
		{B201BB99-ACEC-48E0-816E-78A8E4BF1D5B}.Release|Any CPU.ActiveCfg = Release|Any CPU
		{B201BB99-ACEC-48E0-816E-78A8E4BF1D5B}.Release|Any CPU.Build.0 = Release|Any CPU
	EndGlobalSection
	GlobalSection(SolutionProperties) = preSolution
		HideSolutionNode = FALSE
	EndGlobalSection
	GlobalSection(ExtensibilityGlobals) = postSolution
		SolutionGuid = {83815647-4051-4FCA-86F5-038D2679C07C}
	EndGlobalSection
EndGlobal
