
Microsoft Visual Studio Solution File, Format Version 12.00
# Visual Studio Version 17
VisualStudioVersion = 17.0.31903.59
MinimumVisualStudioVersion = 10.0.40219.1
Project("{FAE04EC0-301F-11D3-BF4B-00C04F79EFBC}") = "KnowledgeBase.Examples.AutoDocsExamples.DocfxExamples", "DocfxExamples\KnowledgeBase.Examples.AutoDocsExamples.DocfxExamples.csproj", "{AD179D16-6D18-4957-92CC-2658F03596CC}"
EndProject
Project("{FAE04EC0-301F-11D3-BF4B-00C04F79EFBC}") = "KnowledgeBase.Examples.AutoDocsExamples.DocumentationViewer.AspNetMvc", "DocumentationViewer.AspNetMvc\KnowledgeBase.Examples.AutoDocsExamples.DocumentationViewer.AspNetMvc.csproj", "{C336D02F-8682-4717-97C9-98098343CCA9}"
EndProject
Global
	GlobalSection(SolutionConfigurationPlatforms) = preSolution
		Debug|Any CPU = Debug|Any CPU
		Release|Any CPU = Release|Any CPU
	EndGlobalSection
	GlobalSection(SolutionProperties) = preSolution
		HideSolutionNode = FALSE
	EndGlobalSection
	GlobalSection(ProjectConfigurationPlatforms) = postSolution
		{AD179D16-6D18-4957-92CC-2658F03596CC}.Debug|Any CPU.ActiveCfg = Debug|Any CPU
		{AD179D16-6D18-4957-92CC-2658F03596CC}.Debug|Any CPU.Build.0 = Debug|Any CPU
		{AD179D16-6D18-4957-92CC-2658F03596CC}.Release|Any CPU.ActiveCfg = Release|Any CPU
		{AD179D16-6D18-4957-92CC-2658F03596CC}.Release|Any CPU.Build.0 = Release|Any CPU
		{C336D02F-8682-4717-97C9-98098343CCA9}.Debug|Any CPU.ActiveCfg = Debug|Any CPU
		{C336D02F-8682-4717-97C9-98098343CCA9}.Debug|Any CPU.Build.0 = Debug|Any CPU
		{C336D02F-8682-4717-97C9-98098343CCA9}.Release|Any CPU.ActiveCfg = Release|Any CPU
		{C336D02F-8682-4717-97C9-98098343CCA9}.Release|Any CPU.Build.0 = Release|Any CPU
	EndGlobalSection
EndGlobal
